
Microsoft Visual Studio Solution File, Format Version 12.00
# Visual Studio Version 17
VisualStudioVersion = 17.4.33213.308
MinimumVisualStudioVersion = 10.0.40219.1
Project("{FAE04EC0-301F-11D3-BF4B-00C04F79EFBC}") = "wybory", "wybory\wybory.csproj", "{5B740D96-AFE2-48CC-A766-D563952C8304}"
EndProject
Global
	GlobalSection(SolutionConfigurationPlatforms) = preSolution
		Debug|Any CPU = Debug|Any CPU
		Release|Any CPU = Release|Any CPU
	EndGlobalSection
	GlobalSection(ProjectConfigurationPlatforms) = postSolution
		{5B740D96-AFE2-48CC-A766-D563952C8304}.Debug|Any CPU.ActiveCfg = Debug|Any CPU
		{5B740D96-AFE2-48CC-A766-D563952C8304}.Debug|Any CPU.Build.0 = Debug|Any CPU
		{5B740D96-AFE2-48CC-A766-D563952C8304}.Release|Any CPU.ActiveCfg = Release|Any CPU
		{5B740D96-AFE2-48CC-A766-D563952C8304}.Release|Any CPU.Build.0 = Release|Any CPU
	EndGlobalSection
	GlobalSection(SolutionProperties) = preSolution
		HideSolutionNode = FALSE
	EndGlobalSection
	GlobalSection(ExtensibilityGlobals) = postSolution
		SolutionGuid = {78ACC86A-9ECD-49AC-BEBC-580A974E0F8B}
	EndGlobalSection
EndGlobal
